
Microsoft Visual Studio Solution File, Format Version 12.00
# Visual Studio 14
VisualStudioVersion = 14.0.25420.1
MinimumVisualStudioVersion = 10.0.40219.1
Project("{FAE04EC0-301F-11D3-BF4B-00C04F79EFBC}") = "DoAnQLKaraoke", "DoAnQLKaraoke\DoAnQLKaraoke.csproj", "{050EEF3E-738A-4E30-A1D7-3A75931D3ADB}"
EndProject
Project("{FAE04EC0-301F-11D3-BF4B-00C04F79EFBC}") = "DoAnQLKaraokeDTO", "DoAnQLKaraokeDTO\DoAnQLKaraokeDTO.csproj", "{843B576C-04E0-4DA1-8200-D26BAC665783}"
EndProject
Project("{FAE04EC0-301F-11D3-BF4B-00C04F79EFBC}") = "DoAnQLKaraokeDAO", "DoAnQLKaraokeDAO\DoAnQLKaraokeDAO.csproj", "{E3135E8A-5554-4E6E-828A-31BF9D43EFCA}"
EndProject
Project("{FAE04EC0-301F-11D3-BF4B-00C04F79EFBC}") = "DoAnQLKaraokeBUS", "DoAnQLKaraokeBUS\DoAnQLKaraokeBUS.csproj", "{C6C575C0-9A62-4999-B135-F68D57A5FC64}"
EndProject
Global
	GlobalSection(SolutionConfigurationPlatforms) = preSolution
		1212121sdasd|Any CPU = 1212121sdasd|Any CPU
		1212121sdasd|x64 = 1212121sdasd|x64
		1234324|Any CPU = 1234324|Any CPU
		1234324|x64 = 1234324|x64
		12345678|Any CPU = 12345678|Any CPU
		12345678|x64 = 12345678|x64
		23sasdasd|Any CPU = 23sasdasd|Any CPU
		23sasdasd|x64 = 23sasdasd|x64
		asdasd|Any CPU = asdasd|Any CPU
		asdasd|x64 = asdasd|x64
		dddddd|Any CPU = dddddd|Any CPU
		dddddd|x64 = dddddd|x64
		Release|Any CPU = Release|Any CPU
		Release|x64 = Release|x64
	EndGlobalSection
	GlobalSection(ProjectConfigurationPlatforms) = postSolution
		{050EEF3E-738A-4E30-A1D7-3A75931D3ADB}.1212121sdasd|Any CPU.ActiveCfg = 1212121sdasd|Any CPU
		{050EEF3E-738A-4E30-A1D7-3A75931D3ADB}.1212121sdasd|Any CPU.Build.0 = 1212121sdasd|Any CPU
		{050EEF3E-738A-4E30-A1D7-3A75931D3ADB}.1212121sdasd|x64.ActiveCfg = 1212121sdasd|x64
		{050EEF3E-738A-4E30-A1D7-3A75931D3ADB}.1212121sdasd|x64.Build.0 = 1212121sdasd|x64
		{050EEF3E-738A-4E30-A1D7-3A75931D3ADB}.1234324|Any CPU.ActiveCfg = 1234324|Any CPU
		{050EEF3E-738A-4E30-A1D7-3A75931D3ADB}.1234324|Any CPU.Build.0 = 1234324|Any CPU
		{050EEF3E-738A-4E30-A1D7-3A75931D3ADB}.1234324|x64.ActiveCfg = 1234324|x64
		{050EEF3E-738A-4E30-A1D7-3A75931D3ADB}.1234324|x64.Build.0 = 1234324|x64
		{050EEF3E-738A-4E30-A1D7-3A75931D3ADB}.12345678|Any CPU.ActiveCfg = 12345678|Any CPU
		{050EEF3E-738A-4E30-A1D7-3A75931D3ADB}.12345678|Any CPU.Build.0 = 12345678|Any CPU
		{050EEF3E-738A-4E30-A1D7-3A75931D3ADB}.12345678|x64.ActiveCfg = 12345678|x64
		{050EEF3E-738A-4E30-A1D7-3A75931D3ADB}.12345678|x64.Build.0 = 12345678|x64
		{050EEF3E-738A-4E30-A1D7-3A75931D3ADB}.23sasdasd|Any CPU.ActiveCfg = 23sasdasd|Any CPU
		{050EEF3E-738A-4E30-A1D7-3A75931D3ADB}.23sasdasd|Any CPU.Build.0 = 23sasdasd|Any CPU
		{050EEF3E-738A-4E30-A1D7-3A75931D3ADB}.23sasdasd|x64.ActiveCfg = 23sasdasd|x64
		{050EEF3E-738A-4E30-A1D7-3A75931D3ADB}.23sasdasd|x64.Build.0 = 23sasdasd|x64
		{050EEF3E-738A-4E30-A1D7-3A75931D3ADB}.asdasd|Any CPU.ActiveCfg = asdasd|Any CPU
		{050EEF3E-738A-4E30-A1D7-3A75931D3ADB}.asdasd|Any CPU.Build.0 = asdasd|Any CPU
		{050EEF3E-738A-4E30-A1D7-3A75931D3ADB}.asdasd|x64.ActiveCfg = asdasd|x64
		{050EEF3E-738A-4E30-A1D7-3A75931D3ADB}.asdasd|x64.Build.0 = asdasd|x64
		{050EEF3E-738A-4E30-A1D7-3A75931D3ADB}.dddddd|Any CPU.ActiveCfg = dddddd|Any CPU
		{050EEF3E-738A-4E30-A1D7-3A75931D3ADB}.dddddd|Any CPU.Build.0 = dddddd|Any CPU
		{050EEF3E-738A-4E30-A1D7-3A75931D3ADB}.dddddd|x64.ActiveCfg = dddddd|x64
		{050EEF3E-738A-4E30-A1D7-3A75931D3ADB}.dddddd|x64.Build.0 = dddddd|x64
		{050EEF3E-738A-4E30-A1D7-3A75931D3ADB}.Release|Any CPU.ActiveCfg = Release|Any CPU
		{050EEF3E-738A-4E30-A1D7-3A75931D3ADB}.Release|Any CPU.Build.0 = Release|Any CPU
		{050EEF3E-738A-4E30-A1D7-3A75931D3ADB}.Release|x64.ActiveCfg = Release|x64
		{050EEF3E-738A-4E30-A1D7-3A75931D3ADB}.Release|x64.Build.0 = Release|x64
		{843B576C-04E0-4DA1-8200-D26BAC665783}.1212121sdasd|Any CPU.ActiveCfg = 1212121sdasd|Any CPU
		{843B576C-04E0-4DA1-8200-D26BAC665783}.1212121sdasd|Any CPU.Build.0 = 1212121sdasd|Any CPU
		{843B576C-04E0-4DA1-8200-D26BAC665783}.1212121sdasd|x64.ActiveCfg = 1212121sdasd|x64
		{843B576C-04E0-4DA1-8200-D26BAC665783}.1212121sdasd|x64.Build.0 = 1212121sdasd|x64
		{843B576C-04E0-4DA1-8200-D26BAC665783}.1234324|Any CPU.ActiveCfg = 1234324|Any CPU
		{843B576C-04E0-4DA1-8200-D26BAC665783}.1234324|Any CPU.Build.0 = 1234324|Any CPU
		{843B576C-04E0-4DA1-8200-D26BAC665783}.1234324|x64.ActiveCfg = 1234324|x64
		{843B576C-04E0-4DA1-8200-D26BAC665783}.1234324|x64.Build.0 = 1234324|x64
		{843B576C-04E0-4DA1-8200-D26BAC665783}.12345678|Any CPU.ActiveCfg = 12345678|Any CPU
		{843B576C-04E0-4DA1-8200-D26BAC665783}.12345678|Any CPU.Build.0 = 12345678|Any CPU
		{843B576C-04E0-4DA1-8200-D26BAC665783}.12345678|x64.ActiveCfg = 12345678|x64
		{843B576C-04E0-4DA1-8200-D26BAC665783}.12345678|x64.Build.0 = 12345678|x64
		{843B576C-04E0-4DA1-8200-D26BAC665783}.23sasdasd|Any CPU.ActiveCfg = 23sasdasd|Any CPU
		{843B576C-04E0-4DA1-8200-D26BAC665783}.23sasdasd|Any CPU.Build.0 = 23sasdasd|Any CPU
		{843B576C-04E0-4DA1-8200-D26BAC665783}.23sasdasd|x64.ActiveCfg = 23sasdasd|x64
		{843B576C-04E0-4DA1-8200-D26BAC665783}.23sasdasd|x64.Build.0 = 23sasdasd|x64
		{843B576C-04E0-4DA1-8200-D26BAC665783}.asdasd|Any CPU.ActiveCfg = asdasd|Any CPU
		{843B576C-04E0-4DA1-8200-D26BAC665783}.asdasd|Any CPU.Build.0 = asdasd|Any CPU
		{843B576C-04E0-4DA1-8200-D26BAC665783}.asdasd|x64.ActiveCfg = asdasd|x64
		{843B576C-04E0-4DA1-8200-D26BAC665783}.asdasd|x64.Build.0 = asdasd|x64
		{843B576C-04E0-4DA1-8200-D26BAC665783}.dddddd|Any CPU.ActiveCfg = dddddd|Any CPU
		{843B576C-04E0-4DA1-8200-D26BAC665783}.dddddd|Any CPU.Build.0 = dddddd|Any CPU
		{843B576C-04E0-4DA1-8200-D26BAC665783}.dddddd|x64.ActiveCfg = dddddd|x64
		{843B576C-04E0-4DA1-8200-D26BAC665783}.dddddd|x64.Build.0 = dddddd|x64
		{843B576C-04E0-4DA1-8200-D26BAC665783}.Release|Any CPU.ActiveCfg = Release|Any CPU
		{843B576C-04E0-4DA1-8200-D26BAC665783}.Release|Any CPU.Build.0 = Release|Any CPU
		{843B576C-04E0-4DA1-8200-D26BAC665783}.Release|x64.ActiveCfg = Release|x64
		{843B576C-04E0-4DA1-8200-D26BAC665783}.Release|x64.Build.0 = Release|x64
		{E3135E8A-5554-4E6E-828A-31BF9D43EFCA}.1212121sdasd|Any CPU.ActiveCfg = 1212121sdasd|Any CPU
		{E3135E8A-5554-4E6E-828A-31BF9D43EFCA}.1212121sdasd|Any CPU.Build.0 = 1212121sdasd|Any CPU
		{E3135E8A-5554-4E6E-828A-31BF9D43EFCA}.1212121sdasd|x64.ActiveCfg = 1212121sdasd|x64
		{E3135E8A-5554-4E6E-828A-31BF9D43EFCA}.1212121sdasd|x64.Build.0 = 1212121sdasd|x64
		{E3135E8A-5554-4E6E-828A-31BF9D43EFCA}.1234324|Any CPU.ActiveCfg = 1234324|Any CPU
		{E3135E8A-5554-4E6E-828A-31BF9D43EFCA}.1234324|Any CPU.Build.0 = 1234324|Any CPU
		{E3135E8A-5554-4E6E-828A-31BF9D43EFCA}.1234324|x64.ActiveCfg = 1234324|x64
		{E3135E8A-5554-4E6E-828A-31BF9D43EFCA}.1234324|x64.Build.0 = 1234324|x64
		{E3135E8A-5554-4E6E-828A-31BF9D43EFCA}.12345678|Any CPU.ActiveCfg = 12345678|Any CPU
		{E3135E8A-5554-4E6E-828A-31BF9D43EFCA}.12345678|Any CPU.Build.0 = 12345678|Any CPU
		{E3135E8A-5554-4E6E-828A-31BF9D43EFCA}.12345678|x64.ActiveCfg = 12345678|x64
		{E3135E8A-5554-4E6E-828A-31BF9D43EFCA}.12345678|x64.Build.0 = 12345678|x64
		{E3135E8A-5554-4E6E-828A-31BF9D43EFCA}.23sasdasd|Any CPU.ActiveCfg = 23sasdasd|Any CPU
		{E3135E8A-5554-4E6E-828A-31BF9D43EFCA}.23sasdasd|Any CPU.Build.0 = 23sasdasd|Any CPU
		{E3135E8A-5554-4E6E-828A-31BF9D43EFCA}.23sasdasd|x64.ActiveCfg = 23sasdasd|x64
		{E3135E8A-5554-4E6E-828A-31BF9D43EFCA}.23sasdasd|x64.Build.0 = 23sasdasd|x64
		{E3135E8A-5554-4E6E-828A-31BF9D43EFCA}.asdasd|Any CPU.ActiveCfg = asdasd|Any CPU
		{E3135E8A-5554-4E6E-828A-31BF9D43EFCA}.asdasd|Any CPU.Build.0 = asdasd|Any CPU
		{E3135E8A-5554-4E6E-828A-31BF9D43EFCA}.asdasd|x64.ActiveCfg = asdasd|x64
		{E3135E8A-5554-4E6E-828A-31BF9D43EFCA}.asdasd|x64.Build.0 = asdasd|x64
		{E3135E8A-5554-4E6E-828A-31BF9D43EFCA}.dddddd|Any CPU.ActiveCfg = dddddd|Any CPU
		{E3135E8A-5554-4E6E-828A-31BF9D43EFCA}.dddddd|Any CPU.Build.0 = dddddd|Any CPU
		{E3135E8A-5554-4E6E-828A-31BF9D43EFCA}.dddddd|x64.ActiveCfg = dddddd|x64
		{E3135E8A-5554-4E6E-828A-31BF9D43EFCA}.dddddd|x64.Build.0 = dddddd|x64
		{E3135E8A-5554-4E6E-828A-31BF9D43EFCA}.Release|Any CPU.ActiveCfg = Release|Any CPU
		{E3135E8A-5554-4E6E-828A-31BF9D43EFCA}.Release|Any CPU.Build.0 = Release|Any CPU
		{E3135E8A-5554-4E6E-828A-31BF9D43EFCA}.Release|x64.ActiveCfg = Release|x64
		{E3135E8A-5554-4E6E-828A-31BF9D43EFCA}.Release|x64.Build.0 = Release|x64
		{C6C575C0-9A62-4999-B135-F68D57A5FC64}.1212121sdasd|Any CPU.ActiveCfg = 1212121sdasd|Any CPU
		{C6C575C0-9A62-4999-B135-F68D57A5FC64}.1212121sdasd|Any CPU.Build.0 = 1212121sdasd|Any CPU
		{C6C575C0-9A62-4999-B135-F68D57A5FC64}.1212121sdasd|x64.ActiveCfg = 1212121sdasd|x64
		{C6C575C0-9A62-4999-B135-F68D57A5FC64}.1212121sdasd|x64.Build.0 = 1212121sdasd|x64
		{C6C575C0-9A62-4999-B135-F68D57A5FC64}.1234324|Any CPU.ActiveCfg = 1234324|Any CPU
		{C6C575C0-9A62-4999-B135-F68D57A5FC64}.1234324|Any CPU.Build.0 = 1234324|Any CPU
		{C6C575C0-9A62-4999-B135-F68D57A5FC64}.1234324|x64.ActiveCfg = 1234324|x64
		{C6C575C0-9A62-4999-B135-F68D57A5FC64}.1234324|x64.Build.0 = 1234324|x64
		{C6C575C0-9A62-4999-B135-F68D57A5FC64}.12345678|Any CPU.ActiveCfg = 12345678|Any CPU
		{C6C575C0-9A62-4999-B135-F68D57A5FC64}.12345678|Any CPU.Build.0 = 12345678|Any CPU
		{C6C575C0-9A62-4999-B135-F68D57A5FC64}.12345678|x64.ActiveCfg = 12345678|x64
		{C6C575C0-9A62-4999-B135-F68D57A5FC64}.12345678|x64.Build.0 = 12345678|x64
		{C6C575C0-9A62-4999-B135-F68D57A5FC64}.23sasdasd|Any CPU.ActiveCfg = 23sasdasd|Any CPU
		{C6C575C0-9A62-4999-B135-F68D57A5FC64}.23sasdasd|Any CPU.Build.0 = 23sasdasd|Any CPU
		{C6C575C0-9A62-4999-B135-F68D57A5FC64}.23sasdasd|x64.ActiveCfg = 23sasdasd|x64
		{C6C575C0-9A62-4999-B135-F68D57A5FC64}.23sasdasd|x64.Build.0 = 23sasdasd|x64
		{C6C575C0-9A62-4999-B135-F68D57A5FC64}.asdasd|Any CPU.ActiveCfg = asdasd|Any CPU
		{C6C575C0-9A62-4999-B135-F68D57A5FC64}.asdasd|Any CPU.Build.0 = asdasd|Any CPU
		{C6C575C0-9A62-4999-B135-F68D57A5FC64}.asdasd|x64.ActiveCfg = asdasd|x64
		{C6C575C0-9A62-4999-B135-F68D57A5FC64}.asdasd|x64.Build.0 = asdasd|x64
		{C6C575C0-9A62-4999-B135-F68D57A5FC64}.dddddd|Any CPU.ActiveCfg = dddddd|Any CPU
		{C6C575C0-9A62-4999-B135-F68D57A5FC64}.dddddd|Any CPU.Build.0 = dddddd|Any CPU
		{C6C575C0-9A62-4999-B135-F68D57A5FC64}.dddddd|x64.ActiveCfg = dddddd|x64
		{C6C575C0-9A62-4999-B135-F68D57A5FC64}.dddddd|x64.Build.0 = dddddd|x64
		{C6C575C0-9A62-4999-B135-F68D57A5FC64}.Release|Any CPU.ActiveCfg = Release|Any CPU
		{C6C575C0-9A62-4999-B135-F68D57A5FC64}.Release|Any CPU.Build.0 = Release|Any CPU
		{C6C575C0-9A62-4999-B135-F68D57A5FC64}.Release|x64.ActiveCfg = Release|x64
		{C6C575C0-9A62-4999-B135-F68D57A5FC64}.Release|x64.Build.0 = Release|x64
	EndGlobalSection
	GlobalSection(SolutionProperties) = preSolution
		HideSolutionNode = FALSE
	EndGlobalSection
EndGlobal
